
Microsoft Visual Studio Solution File, Format Version 12.00
# Visual Studio 15
VisualStudioVersion = 15.0.27703.2035
MinimumVisualStudioVersion = 10.0.40219.1
Project("{8BC9CEB8-8B4A-11D0-8D11-00A0C91BC942}") = "hash_sha256", "hash_sha256.vcxproj", "{0847B12D-127E-4773-A631-7B6995F5AEBC}"
EndProject
Global
	GlobalSection(SolutionConfigurationPlatforms) = preSolution
		Debug|x64 = Debug|x64
		Release|x64 = Release|x64
	EndGlobalSection
	GlobalSection(ProjectConfigurationPlatforms) = postSolution
		{0847B12D-127E-4773-A631-7B6995F5AEBC}.Debug|x64.ActiveCfg = Debug|x64
		{0847B12D-127E-4773-A631-7B6995F5AEBC}.Debug|x64.Build.0 = Debug|x64
		{0847B12D-127E-4773-A631-7B6995F5AEBC}.Release|x64.ActiveCfg = Release|x64
		{0847B12D-127E-4773-A631-7B6995F5AEBC}.Release|x64.Build.0 = Release|x64
	EndGlobalSection
	GlobalSection(SolutionProperties) = preSolution
		HideSolutionNode = FALSE
	EndGlobalSection
	GlobalSection(ExtensibilityGlobals) = postSolution
		SolutionGuid = {6D3105D6-1DC9-4433-8544-523CE444B2A5}
	EndGlobalSection
EndGlobal
